
Microsoft Visual Studio Solution File, Format Version 12.00
# Visual Studio 15
VisualStudioVersion = 15.0.27703.2026
MinimumVisualStudioVersion = 10.0.40219.1
Project("{FAE04EC0-301F-11D3-BF4B-00C04F79EFBC}") = "osu!beatmapfinder", "osu!beatmapfinder\osu!beatmapfinder.csproj", "{D6F36028-4D80-4F46-94EE-5A5BACF9F10E}"
EndProject
Global
	GlobalSection(SolutionConfigurationPlatforms) = preSolution
		Debug|Any CPU = Debug|Any CPU
		Release|Any CPU = Release|Any CPU
	EndGlobalSection
	GlobalSection(ProjectConfigurationPlatforms) = postSolution
		{D6F36028-4D80-4F46-94EE-5A5BACF9F10E}.Debug|Any CPU.ActiveCfg = Release|Any CPU
		{D6F36028-4D80-4F46-94EE-5A5BACF9F10E}.Debug|Any CPU.Build.0 = Release|Any CPU
		{D6F36028-4D80-4F46-94EE-5A5BACF9F10E}.Release|Any CPU.ActiveCfg = Release|Any CPU
		{D6F36028-4D80-4F46-94EE-5A5BACF9F10E}.Release|Any CPU.Build.0 = Release|Any CPU
	EndGlobalSection
	GlobalSection(SolutionProperties) = preSolution
		HideSolutionNode = FALSE
	EndGlobalSection
	GlobalSection(ExtensibilityGlobals) = postSolution
		SolutionGuid = {DC56992B-E60D-43E4-BE3D-F8A757E5CCB7}
	EndGlobalSection
EndGlobal
